
Microsoft Visual Studio Solution File, Format Version 12.00
# Visual Studio Version 17
VisualStudioVersion = 17.10.35122.118
MinimumVisualStudioVersion = 10.0.40219.1
Project("{888888A0-9F3D-457C-B088-3A5042F75D52}") = "Top Trumps", "Top Trumps\Top Trumps.pyproj", "{1D7CB74D-C7E6-4CA4-B997-1297B59A7707}"
EndProject
Global
	GlobalSection(SolutionConfigurationPlatforms) = preSolution
		Debug|Any CPU = Debug|Any CPU
		Release|Any CPU = Release|Any CPU
	EndGlobalSection
	GlobalSection(ProjectConfigurationPlatforms) = postSolution
		{1D7CB74D-C7E6-4CA4-B997-1297B59A7707}.Debug|Any CPU.ActiveCfg = Debug|Any CPU
		{1D7CB74D-C7E6-4CA4-B997-1297B59A7707}.Release|Any CPU.ActiveCfg = Release|Any CPU
	EndGlobalSection
	GlobalSection(SolutionProperties) = preSolution
		HideSolutionNode = FALSE
	EndGlobalSection
	GlobalSection(ExtensibilityGlobals) = postSolution
		SolutionGuid = {63FA0673-0749-442A-AAB9-E69F3E80B32E}
	EndGlobalSection
EndGlobal
